PODS:
  - Mockingjay (3.0.0-alpha.1):
    - Mockingjay/Core (= 3.0.0-alpha.1)
    - Mockingjay/XCTest (= 3.0.0-alpha.1)
  - Mockingjay/Core (3.0.0-alpha.1):
    - URITemplate (~> 3.0)
  - Mockingjay/XCTest (3.0.0-alpha.1):
    - Mockingjay/Core
  - Nimble (8.0.2)
  - Quick (2.1.0)
  - SwiftLint (0.33.1)
  - URITemplate (3.0.0)

DEPENDENCIES:
  - Mockingjay (~> 3.0.0-alpha.1)
  - Nimble
  - Quick
  - SwiftLint

SPEC REPOS:
  https://github.com/CocoaPods/Specs.git:
    - Mockingjay
    - Nimble
    - Quick
    - SwiftLint
    - URITemplate

SPEC CHECKSUMS:
  Mockingjay: 0f7c5aa49c7f1b95621cee3c79b557141f5a225c
  Nimble: 622629381bda1dd5678162f21f1368cec7cbba60
  Quick: 4be43f6634acfa727dd106bdf3929ce125ffa79d
  SwiftLint: 9fc1143bbacec37f94994a7d0d2a85b2154b6294
  URITemplate: 58e0d47f967006c5d59888af5356c4a8ed3b197d

PODFILE CHECKSUM: fa945c67bd70527513c90bd2855019fcfac6198c

COCOAPODS: 1.8.4
